github.com/godbus/dbus v4.1.0+incompatible h1:WqqLRTsQic3apZUK9qC5sGNfXthmPXzUZ7nQPrNITa4=
github.com/godbus/dbus v4.1.0+incompatible/go.mod h1:/YcGZj5zSblfDWMMoOzV4fas9FZnQYTkDnsGvmh2Grw=
github.com/godbus/dbus/v5 v5.0.6 h1:mkgN1ofwASrYnJ5W6U/BxG15eXXXjirgZc7CLqkcaro=
github.com/godbus/dbus/v5 v5.0.6/go.mod h1:xhWf0FNVPg57R7Z0UbKHbJfkEywrmjJnf7w5xrFpKfA=
github.com/peer-calls/log v0.1.0 h1:FuCyFufxfFU/yAEiFV6L82+5xTlmB3GVcazgxPdpbro=
github.com/peer-calls/log v0.1.0/go.mod h1:5ct7oUNYm8uFIoHh4HD54LEssVfxLrjqGB74Dj13ms0=
github.com/peer-calls/log v0.1.1 h1:L6FgiMlcgq6qQ9hfnVmpuBJjh9oIlL8VaLpjx4HFwpI=
github.com/peer-calls/log v0.1.1/go.mod h1:5ct7oUNYm8uFIoHh4HD54LEssVfxLrjqGB74Dj13ms0=
github.com/spf13/pflag v1.0.5 h1:iy+VFUOCP1a+8yFto/drg2CJ5u0yRoB7fZw3DKv/JXA=
github.com/spf13/pflag v1.0.5/go.mod h1:McXfInJRrz4CZXVZOBLb0bTZqETkiAhM9Iw0y3An2Bg=
